{
  "version": "2",
  "remote": {
    "https://cdn.skypack.dev/-/ajv@v8.12.0-lhJeLa6QsEatioyjk5K3/dist=es2019,mode=imports/optimized/ajv.js": "4848e79c07ad24086dcd1553d756ba568a52071c121de8792e69056e982e69e3",
    "https://cdn.skypack.dev/-/ajv@v8.12.0-lhJeLa6QsEatioyjk5K3/dist=es2019,mode=types/dist/ajv.d.ts": "59a639526b0f1770124e16b1b973859cc87ab246dba30eddb35306e54911d157",
    "https://cdn.skypack.dev/-/ajv@v8.12.0-lhJeLa6QsEatioyjk5K3/dist=es2019,mode=types/dist/compile/codegen/code.d.ts": "2d225e7bda2871c066a7079c88174340950fb604f624f2586d3ea27bb9e5f4ff",
    "https://cdn.skypack.dev/-/ajv@v8.12.0-lhJeLa6QsEatioyjk5K3/dist=es2019,mode=types/dist/compile/codegen/index.d.ts": "9785e1199bae7389a92831c1f732fa72fc6f34a9c3f8948a5acfc8451e72f833",
    "https://cdn.skypack.dev/-/ajv@v8.12.0-lhJeLa6QsEatioyjk5K3/dist=es2019,mode=types/dist/compile/codegen/scope.d.ts": "4ad65126bd23e1b8fe40f5375b812676694dccc232060a53bff52ac416aef059",
    "https://cdn.skypack.dev/-/ajv@v8.12.0-lhJeLa6QsEatioyjk5K3/dist=es2019,mode=types/dist/compile/errors.d.ts": "141845156c5e2bda1cdc3efaf9938a7aaafb833bac9072822557ca1674686ba7",
    "https://cdn.skypack.dev/-/ajv@v8.12.0-lhJeLa6QsEatioyjk5K3/dist=es2019,mode=types/dist/compile/index.d.ts": "b59e49f3875c47862b147c5bf86110311dae0b06f83c67f14c749907dcf5c55b",
    "https://cdn.skypack.dev/-/ajv@v8.12.0-lhJeLa6QsEatioyjk5K3/dist=es2019,mode=types/dist/compile/ref_error.d.ts": "f18a52c4515eee8ce6dbcc936e5ad21d49ddecd24c9ec81bf2f59a473c97844c",
    "https://cdn.skypack.dev/-/ajv@v8.12.0-lhJeLa6QsEatioyjk5K3/dist=es2019,mode=types/dist/compile/resolve.d.ts": "d4e945e73060d3750267dac5fe500aa6fa67e17616551142f79099c85c704735",
    "https://cdn.skypack.dev/-/ajv@v8.12.0-lhJeLa6QsEatioyjk5K3/dist=es2019,mode=types/dist/compile/rules.d.ts": "bc34181bb7a8b23ff67daf3e767bec8dfa81a0b8b5ae6a674833046645e3fc95",
    "https://cdn.skypack.dev/-/ajv@v8.12.0-lhJeLa6QsEatioyjk5K3/dist=es2019,mode=types/dist/compile/util.d.ts": "dfeb18157ce56e6edfb04395c826fdc1a9543c1206981480de86e3f60c9b7c55",
    "https://cdn.skypack.dev/-/ajv@v8.12.0-lhJeLa6QsEatioyjk5K3/dist=es2019,mode=types/dist/compile/validate/dataType.d.ts": "d38103b2b02ea0cb117b49b8d3811d2400c23aabd4aa180194a557c6f91be727",
    "https://cdn.skypack.dev/-/ajv@v8.12.0-lhJeLa6QsEatioyjk5K3/dist=es2019,mode=types/dist/compile/validate/index.d.ts": "2d3ec65fece7dcce04063d75a8f183858048a195ece754ff14789626c1dd7448",
    "https://cdn.skypack.dev/-/ajv@v8.12.0-lhJeLa6QsEatioyjk5K3/dist=es2019,mode=types/dist/compile/validate/subschema.d.ts": "d7f8761597f277f3da59b7ab584aa1b18ac9a5b0cbe3bcb8ee6e2c63df257d70",
    "https://cdn.skypack.dev/-/ajv@v8.12.0-lhJeLa6QsEatioyjk5K3/dist=es2019,mode=types/dist/core.d.ts": "afaa7da0e4435d029d84b094333dc137a7975ffb10dd1b2ec8b541bf695640b5",
    "https://cdn.skypack.dev/-/ajv@v8.12.0-lhJeLa6QsEatioyjk5K3/dist=es2019,mode=types/dist/runtime/validation_error.d.ts": "baf8e050889b75dcd82fccd91d9035c096a5bf242ff554e9beb6bd2cd4bf7f72",
    "https://cdn.skypack.dev/-/ajv@v8.12.0-lhJeLa6QsEatioyjk5K3/dist=es2019,mode=types/dist/types/index.d.ts": "a23df20394a4bd2d3b5e6a999b22620fdb187183f470afd6f4db5a8b94ed7618",
    "https://cdn.skypack.dev/-/ajv@v8.12.0-lhJeLa6QsEatioyjk5K3/dist=es2019,mode=types/dist/types/json-schema.d.ts": "6b6ed4aa017eb6867cef27257379cfe3e16caf628aceae3f0163dbafcaf891ff",
    "https://cdn.skypack.dev/-/ajv@v8.12.0-lhJeLa6QsEatioyjk5K3/dist=es2019,mode=types/dist/types/jtd-schema.d.ts": "25f1159094dc0bf3a71313a74e0885426af21c5d6564a254004f2cadf9c5b052",
    "https://cdn.skypack.dev/-/ajv@v8.12.0-lhJeLa6QsEatioyjk5K3/dist=es2019,mode=types/dist/vocabularies/applicator/additionalItems.d.ts": "b2b6f2bcd69c3325fd1040a8f5a251c9405464f396d5475c3c2af097b800ea98",
    "https://cdn.skypack.dev/-/ajv@v8.12.0-lhJeLa6QsEatioyjk5K3/dist=es2019,mode=types/dist/vocabularies/applicator/additionalProperties.d.ts": "e5403d05fe26a936fe799ad30c85867c97b3aa76022e3b88a887a6bbe2a0be34",
    "https://cdn.skypack.dev/-/ajv@v8.12.0-lhJeLa6QsEatioyjk5K3/dist=es2019,mode=types/dist/vocabularies/applicator/anyOf.d.ts": "7ccdb471f96204ca204e23c5403035f3dac35a93ac5954f56d88d6606cc6993a",
    "https://cdn.skypack.dev/-/ajv@v8.12.0-lhJeLa6QsEatioyjk5K3/dist=es2019,mode=types/dist/vocabularies/applicator/contains.d.ts": "595596e906205abd670ba8f976b1530cd0088749de21502b8ce5d5af8c51163d",
    "https://cdn.skypack.dev/-/ajv@v8.12.0-lhJeLa6QsEatioyjk5K3/dist=es2019,mode=types/dist/vocabularies/applicator/dependencies.d.ts": "e16ec503cef3e01d0a8542e97eb13a328148e1a181d4a30c99b3d5b2044b20d8",
    "https://cdn.skypack.dev/-/ajv@v8.12.0-lhJeLa6QsEatioyjk5K3/dist=es2019,mode=types/dist/vocabularies/applicator/if.d.ts": "f064c118bbad99635e23c7496249a24dfb08a5f73e1c920ab6cda4166a1c33b1",
    "https://cdn.skypack.dev/-/ajv@v8.12.0-lhJeLa6QsEatioyjk5K3/dist=es2019,mode=types/dist/vocabularies/applicator/index.d.ts": "c0fe41942459b014b88568346daddf193cccbf3b4fea1caac6b422fbdab18faa",
    "https://cdn.skypack.dev/-/ajv@v8.12.0-lhJeLa6QsEatioyjk5K3/dist=es2019,mode=types/dist/vocabularies/applicator/items2020.d.ts": "dddf63a818e60fd5079f8c04b4b5b43d0ba4e67581a4fa9b2ac0bbd695c37c80",
    "https://cdn.skypack.dev/-/ajv@v8.12.0-lhJeLa6QsEatioyjk5K3/dist=es2019,mode=types/dist/vocabularies/applicator/not.d.ts": "f5cb15df629d8439a2e3333821437abdce39f8348309dcac54bb38aa8820f613",
    "https://cdn.skypack.dev/-/ajv@v8.12.0-lhJeLa6QsEatioyjk5K3/dist=es2019,mode=types/dist/vocabularies/applicator/oneOf.d.ts": "e6e4153cc832451c1289986edf8480626e30d45ffc4e3227ad4ca59a6831d7a6",
    "https://cdn.skypack.dev/-/ajv@v8.12.0-lhJeLa6QsEatioyjk5K3/dist=es2019,mode=types/dist/vocabularies/applicator/propertyNames.d.ts": "ba3caca6bd9a703130e8be60f642b6ac570138e9ee8f696ec680c5082ff34e99",
    "https://cdn.skypack.dev/-/ajv@v8.12.0-lhJeLa6QsEatioyjk5K3/dist=es2019,mode=types/dist/vocabularies/discriminator/index.d.ts": "0e0dcef81ca206061eeadb5d84bbd6d7ca82c64ed8deca61d8b743189da58571",
    "https://cdn.skypack.dev/-/ajv@v8.12.0-lhJeLa6QsEatioyjk5K3/dist=es2019,mode=types/dist/vocabularies/discriminator/types.d.ts": "998727f878b3a7514d77b6406ccdc5e07f8ab07f51a0acf10b2e71998daf8e81",
    "https://cdn.skypack.dev/-/ajv@v8.12.0-lhJeLa6QsEatioyjk5K3/dist=es2019,mode=types/dist/vocabularies/errors.d.ts": "b18e370011c8f95cc4acef88952be1a5e513b4201e1457dd081a8c1dee5433ef",
    "https://cdn.skypack.dev/-/ajv@v8.12.0-lhJeLa6QsEatioyjk5K3/dist=es2019,mode=types/dist/vocabularies/format/format.d.ts": "6ac736d11f76a40e64f7032c97ff5f6bdd460f72c84776969c2c76efce700e0f",
    "https://cdn.skypack.dev/-/ajv@v8.12.0-lhJeLa6QsEatioyjk5K3/dist=es2019,mode=types/dist/vocabularies/unevaluated/unevaluatedItems.d.ts": "2e9f1e0bfd82ab5e3fd176fe0089f56ab2b1975b7aca3891e26b239bfe10621f",
    "https://cdn.skypack.dev/-/ajv@v8.12.0-lhJeLa6QsEatioyjk5K3/dist=es2019,mode=types/dist/vocabularies/unevaluated/unevaluatedProperties.d.ts": "8726a8b60dfc321179d8ec31969201fe30ce56b1b44103231d0e208d56412553",
    "https://cdn.skypack.dev/-/ajv@v8.12.0-lhJeLa6QsEatioyjk5K3/dist=es2019,mode=types/dist/vocabularies/validation/const.d.ts": "12a234fa80f00dbc3daf66ac7abc144864b3dc079c784e5ad12ce20fe9a5107b",
    "https://cdn.skypack.dev/-/ajv@v8.12.0-lhJeLa6QsEatioyjk5K3/dist=es2019,mode=types/dist/vocabularies/validation/dependentRequired.d.ts": "105cdc767e15bccdf66b9cbcf32a7d6bc0450ee991fa3343a485c822da9d0307",
    "https://cdn.skypack.dev/-/ajv@v8.12.0-lhJeLa6QsEatioyjk5K3/dist=es2019,mode=types/dist/vocabularies/validation/enum.d.ts": "ee63ad77b084eb73cf1b2f507e23e0e4ec4664e017bf8b32218efa9aa8d8f3a8",
    "https://cdn.skypack.dev/-/ajv@v8.12.0-lhJeLa6QsEatioyjk5K3/dist=es2019,mode=types/dist/vocabularies/validation/index.d.ts": "8e5301e5f8f301d59642031d878b13e3b01244985e78e1936850b0ae2d664b31",
    "https://cdn.skypack.dev/-/ajv@v8.12.0-lhJeLa6QsEatioyjk5K3/dist=es2019,mode=types/dist/vocabularies/validation/limitNumber.d.ts": "48515085eb651cf41b0a2137481b8cd74bf414874a3bea6e8aef7b4597ecc62c",
    "https://cdn.skypack.dev/-/ajv@v8.12.0-lhJeLa6QsEatioyjk5K3/dist=es2019,mode=types/dist/vocabularies/validation/multipleOf.d.ts": "4ac9e58d3dfb3cc51ad2e09ceccb22efc2ba3230f98cae4b7025e3dcf486e1e6",
    "https://cdn.skypack.dev/-/ajv@v8.12.0-lhJeLa6QsEatioyjk5K3/dist=es2019,mode=types/dist/vocabularies/validation/pattern.d.ts": "602cc27b77aaf6a03e4375f65b1dd6f7b7cab55e21a8dee15b9cbf11bed43297",
    "https://cdn.skypack.dev/-/ajv@v8.12.0-lhJeLa6QsEatioyjk5K3/dist=es2019,mode=types/dist/vocabularies/validation/required.d.ts": "4d91a8ae7c9704e97c90cb7a635d7ab421c76f921a608c9b5334100201b5ceaf",
    "https://cdn.skypack.dev/-/ajv@v8.12.0-lhJeLa6QsEatioyjk5K3/dist=es2019,mode=types/dist/vocabularies/validation/uniqueItems.d.ts": "8472a0d665cc97f8ac25e3c2c7532ff7a17716100792a5c4f4734d965629f730",
    "https://cdn.skypack.dev/-/fast-deep-equal@v3.1.3-ysejKs1WDEDPxUJhgGoP/dist=es2019,mode=imports/optimized/fast-deep-equal.js": "5b2131fffdf17b15c87f57ee54804af57e4cd291a99efa3a07708a2d34fec7b7",
    "https://cdn.skypack.dev/-/json-schema-traverse@v1.0.0-y7CGDEQhyU7xmTqGmQuU/dist=es2019,mode=imports/optimized/json-schema-traverse.js": "f14cb9d1c28e3c2b76812d9c8d0b8c3b06be4cd50e3d434ea226c6e497edf880",
    "https://cdn.skypack.dev/-/uri-js@v4.4.1-plDR6mA49h9eDAKXg27g/dist=es2019,mode=imports/optimized/uri-js.js": "62fb1eb57a8b1de1c48f8c581c232fa800eb5c9772f6e687265f35e98fa9a269",
    "https://cdn.skypack.dev/-/uri-js@v4.4.1-plDR6mA49h9eDAKXg27g/dist=es2019,mode=types/dist/es5/uri.all.d.ts": "9f3c5498245c38c9016a369795ec5ef1768d09db63643c8dba9656e5ab294825",
    "https://cdn.skypack.dev/ajv?dts": "1310f0eac5527de7fee43f6f219cac7ac3ae27c61790a943776eef9d532b4bd8",
    "https://deno.land/std@0.104.0/_util/assert.ts": "2f868145a042a11d5ad0a3c748dcf580add8a0dbc0e876eaa0026303a5488f58",
    "https://deno.land/std@0.104.0/async/deadline.ts": "1d6ac7aeaee22f75eb86e4e105d6161118aad7b41ae2dd14f4cfd3bf97472b93",
    "https://deno.land/std@0.104.0/async/debounce.ts": "b2f693e4baa16b62793fd618de6c003b63228db50ecfe3bd51fc5f6dc0bc264b",
    "https://deno.land/std@0.104.0/async/deferred.ts": "ce81070ad3ba3294f3f34c032af884ccde1a20922b648f6eaee54bd8fd951a1e",
    "https://deno.land/std@0.104.0/async/delay.ts": "9de1d8d07d1927767ab7f82434b883f3d8294fb19cad819691a2ad81a728cf3d",
    "https://deno.land/std@0.104.0/async/mod.ts": "78425176fabea7bd1046ce3819fd69ce40da85c83e0f174d17e8e224a91f7d10",
    "https://deno.land/std@0.104.0/async/mux_async_iterator.ts": "62abff3af9ff619e8f2adc96fc70d4ca020fa48a50c23c13f12d02ed2b760dbe",
    "https://deno.land/std@0.104.0/async/pool.ts": "353ce4f91865da203a097aa6f33de8966340c91b6f4a055611c8c5d534afd12f",
    "https://deno.land/std@0.104.0/async/tee.ts": "6b8f1322b6dd2396202cfbe9cde9cab158d1e962cfd9197b0a97c6657bee79ce",
    "https://deno.land/std@0.104.0/bytes/bytes_list.ts": "a13287edb03f19d27ba4927dec6d6de3e5bd46254cd4aee6f7e5815810122673",
    "https://deno.land/std@0.104.0/bytes/mod.ts": "1ae1ccfe98c4b979f12b015982c7444f81fcb921bea7aa215bf37d84f46e1e13",
    "https://deno.land/std@0.104.0/encoding/base64.ts": "eecae390f1f1d1cae6f6c6d732ede5276bf4b9cd29b1d281678c054dc5cc009e",
    "https://deno.land/std@0.104.0/encoding/hex.ts": "5bc7df19af498c315cdaba69e2fce1b2aef5fc57344e8c21c08991aa8505a260",
    "https://deno.land/std@0.104.0/fmt/colors.ts": "d2f8355f00a74404668fc5a1e4a92983ce1a9b0a6ac1d40efbd681cb8f519586",
    "https://deno.land/std@0.104.0/fs/exists.ts": "b0d2e31654819cc2a8d37df45d6b14686c0cc1d802e9ff09e902a63e98b85a00",
    "https://deno.land/std@0.104.0/hash/_wasm/hash.ts": "313a4820227f1c45fa7204d9c28731b4f8ce97cdcc5f1e7e4efcdf2d70540d32",
    "https://deno.land/std@0.104.0/hash/_wasm/wasm.js": "792f612fbb9998e267f9ae3f82ed72444305cb9c77b5bbf7ff6517fd3b606ed1",
    "https://deno.land/std@0.104.0/hash/hasher.ts": "57a9ec05dd48a9eceed319ac53463d9873490feea3832d58679df6eec51c176b",
    "https://deno.land/std@0.104.0/hash/mod.ts": "dd339a26b094032f38d71311b85745e8d19f2085364794c1877057e057902dd9",
    "https://deno.land/std@0.104.0/io/buffer.ts": "3ead6bb11276ebcf093c403f74f67fd2205a515dbbb9061862c468ca56f37cd8",
    "https://deno.land/std@0.104.0/io/bufio.ts": "6024117aa37f8d21a116654bd5ca5191d803f6492bbc744e3cee5054d0e900d1",
    "https://deno.land/std@0.104.0/io/types.d.ts": "89a27569399d380246ca7cdd9e14d5e68459f11fb6110790cc5ecbd4ee7f3215",
    "https://deno.land/std@0.104.0/io/util.ts": "85c33d61b20fd706acc094fe80d4c8ae618b04abcf3a96ca2b47071842c1c8ac",
    "https://deno.land/std@0.104.0/log/handlers.ts": "8c7221a2408b4097e186b018f3f1a18865d20b98761aa1dccaf1ee3d57298355",
    "https://deno.land/std@0.104.0/log/levels.ts": "088a883039ece5fa0da5f74bc7688654045ea7cb01bf200b438191a28d728eae",
    "https://deno.land/std@0.104.0/log/logger.ts": "6b2dd8cbe6f407100b9becfe61595d7681f8ce3692412fad843de84d617a038e",
    "https://deno.land/std@0.104.0/log/mod.ts": "91711789b28803082b1bdfb123d2c9685a7e01767f2e79c0a82706063ad964d8",
    "https://deno.land/std@0.104.0/testing/_diff.ts": "5d3693155f561d1a5443ac751ac70aab9f5d67b4819a621d4b96b8a1a1c89620",
    "https://deno.land/std@0.104.0/testing/asserts.ts": "e4311d45d956459d4423bc267208fe154b5294989da2ed93257b6a85cae0427e",
    "https://deno.land/std@0.129.0/async/abortable.ts": "a896ac6b0d4237bd2d2d248217cfa1f0d85ccda93cb25ebda55e33850e526be6",
    "https://deno.land/std@0.129.0/async/deadline.ts": "48ac998d7564969f3e6ec6b6f9bf0217ebd00239b1b2292feba61272d5dd58d0",
    "https://deno.land/std@0.129.0/async/debounce.ts": "564273ef242bcfcda19a439132f940db8694173abffc159ea34f07d18fc42620",
    "https://deno.land/std@0.129.0/async/deferred.ts": "bc18e28108252c9f67dfca2bbc4587c3cbf3aeb6e155f8c864ca8ecff992b98a",
    "https://deno.land/std@0.129.0/async/delay.ts": "cbbdf1c87d1aed8edc7bae13592fb3e27e3106e0748f089c263390d4f49e5f6c",
    "https://deno.land/std@0.129.0/async/mod.ts": "2240c6841157738414331f47dee09bb8c0482c5b1980b6e3234dd03515c8132f",
    "https://deno.land/std@0.129.0/async/mux_async_iterator.ts": "f4d1d259b0c694d381770ddaaa4b799a94843eba80c17f4a2ec2949168e52d1e",
    "https://deno.land/std@0.129.0/async/pool.ts": "97b0dd27c69544e374df857a40902e74e39532f226005543eabacb551e277082",
    "https://deno.land/std@0.129.0/async/tee.ts": "1341feb1f5b1a96f8628d0f8fc07d8c43d3813423f18a63bf1b4785568d21b1f",
    "https://deno.land/std@0.129.0/fmt/colors.ts": "30455035d6d728394781c10755351742dd731e3db6771b1843f9b9e490104d37",
    "https://deno.land/std@0.129.0/http/http_status.ts": "71838ad33cb03ff2575f5e8fdea5f930979cdff8a81c11ade497f11d4c026019",
    "https://deno.land/std@0.129.0/http/server.ts": "10c3a7814666cdbabd6f9c18acdcc4593e222275a628280a4868881445fbb5bc",
    "https://deno.land/std@0.129.0/testing/_diff.ts": "9d849cd6877694152e01775b2d93f9d6b7aef7e24bfe3bfafc4d7a1ac8e9f392",
    "https://deno.land/std@0.129.0/testing/asserts.ts": "0a95d9e8076dd3e7f0eeb605a67c148078b4b11f4abcd5eef115b0361b0736a2",
    "https://deno.land/std@0.152.0/_wasm_crypto/lib/deno_std_wasm_crypto.generated.mjs": "dfcd6777d05345362c70f9f2c49abba3ed3f925fccfcf725abe2d16d51819433",
    "https://deno.land/std@0.152.0/_wasm_crypto/mod.ts": "6c60d332716147ded0eece0861780678d51b560f533b27db2e15c64a4ef83665",
    "https://deno.land/std@0.152.0/crypto/_fnv/fnv32.ts": "aa9bddead8c6345087d3abd4ef35fb9655622afc333fc41fff382b36e64280b5",
    "https://deno.land/std@0.152.0/crypto/_fnv/fnv64.ts": "625d7e7505b6cb2e9801b5fd6ed0a89256bac12b2bbb3e4664b85a88b0ec5bef",
    "https://deno.land/std@0.152.0/crypto/_fnv/index.ts": "a8f6a361b4c6d54e5e89c16098f99b6962a1dd6ad1307dbc97fa1ecac5d7060a",
    "https://deno.land/std@0.152.0/crypto/_fnv/util.ts": "4848313bed7f00f55be3cb080aa0583fc007812ba965b03e4009665bde614ce3",
    "https://deno.land/std@0.152.0/crypto/mod.ts": "a441ae04e128ce7552cf656512f1fc294c1dd5eef2cc6a9de9f84a4b9f4cf427",
    "https://deno.land/std@0.152.0/crypto/timing_safe_equal.ts": "82a29b737bc8932d75d7a20c404136089d5d23629e94ba14efa98a8cc066c73e",
    "https://deno.land/std@0.152.0/encoding/base64.ts": "c57868ca7fa2fbe919f57f88a623ad34e3d970d675bdc1ff3a9d02bba7409db2",
    "https://deno.land/std@0.152.0/encoding/hex.ts": "4cc5324417cbb4ac9b828453d35aed45b9cc29506fad658f1f138d981ae33795",
    "https://deno.land/std@0.152.0/fmt/colors.ts": "6f9340b7fb8cc25a993a99e5efc56fe81bb5af284ff412129dd06df06f53c0b4",
    "https://deno.land/std@0.152.0/hash/sha256.ts": "3458760f4427c551c07648fc3ebd41fbcb8e3f04c7497fc2024928f8e1eabf5b",
    "https://deno.land/std@0.152.0/testing/_diff.ts": "029a00560b0d534bc0046f1bce4bd36b3b41ada3f2a3178c85686eb2ff5f1413",
    "https://deno.land/std@0.152.0/testing/_format.ts": "0d8dc79eab15b67cdc532826213bbe05bccfd276ca473a50a3fc7bbfb7260642",
    "https://deno.land/std@0.152.0/testing/asserts.ts": "093735c88f52bbead7f60a1f7a97a2ce4df3c2d5fab00a46956f20b4a5793ccd",
    "https://deno.land/std@0.188.0/_util/asserts.ts": "178dfc49a464aee693a7e285567b3d0b555dc805ff490505a8aae34f9cfb1462",
    "https://deno.land/std@0.188.0/_util/os.ts": "d932f56d41e4f6a6093d56044e29ce637f8dcc43c5a90af43504a889cf1775e3",
    "https://deno.land/std@0.188.0/async/abortable.ts": "fd682fa46f3b7b16b4606a5ab52a7ce309434b76f820d3221bdfb862719a15d7",
    "https://deno.land/std@0.188.0/async/deadline.ts": "58f72a3cc0fcb731b2cc055ba046f4b5be3349ff6bf98f2e793c3b969354aab2",
    "https://deno.land/std@0.188.0/async/debounce.ts": "adab11d04ca38d699444ac8a9d9856b4155e8dda2afd07ce78276c01ea5a4332",
    "https://deno.land/std@0.188.0/async/deferred.ts": "42790112f36a75a57db4a96d33974a936deb7b04d25c6084a9fa8a49f135def8",
    "https://deno.land/std@0.188.0/async/delay.ts": "73aa04cec034c84fc748c7be49bb15cac3dd43a57174bfdb7a4aec22c248f0dd",
    "https://deno.land/std@0.188.0/async/mod.ts": "f04344fa21738e5ad6bea37a6bfffd57c617c2d372bb9f9dcfd118a1b622e576",
    "https://deno.land/std@0.188.0/async/mux_async_iterator.ts": "70c7f2ee4e9466161350473ad61cac0b9f115cff4c552eaa7ef9d50c4cbb4cc9",
    "https://deno.land/std@0.188.0/async/pool.ts": "f1b8d3df4d7fd3c73f8cbc91cc2e8b8e950910f1eab94230b443944d7584c657",
    "https://deno.land/std@0.188.0/async/retry.ts": "dd19d93033d8eaddbfcb7654c0366e9d3b0a21448bdb06eba4a7d8a8cf936a92",
    "https://deno.land/std@0.188.0/async/tee.ts": "47e42d35f622650b02234d43803d0383a89eb4387e1b83b5a40106d18ae36757",
    "https://deno.land/std@0.188.0/bytes/bytes_list.ts": "31d664f4d42fa922066405d0e421c56da89d751886ee77bbe25a88bf0310c9d0",
    "https://deno.land/std@0.188.0/bytes/concat.ts": "d26d6f3d7922e6d663dacfcd357563b7bf4a380ce5b9c2bbe0c8586662f25ce2",
    "https://deno.land/std@0.188.0/bytes/copy.ts": "939d89e302a9761dcf1d9c937c7711174ed74c59eef40a1e4569a05c9de88219",
    "https://deno.land/std@0.188.0/datetime/to_imf.ts": "8f9c0af8b167031ffe2e03da01a12a3b0672cc7562f89c61942a0ab0129771b2",
    "https://deno.land/std@0.188.0/encoding/base64.ts": "144ae6234c1fbe5b68666c711dc15b1e9ee2aef6d42b3b4345bf9a6c91d70d0d",
    "https://deno.land/std@0.188.0/fmt/colors.ts": "d67e3cd9f472535241a8e410d33423980bec45047e343577554d3356e1f0ef4e",
    "https://deno.land/std@0.188.0/fs/_util.ts": "579038bebc3bd35c43a6a7766f7d91fbacdf44bc03468e9d3134297bb99ed4f9",
    "https://deno.land/std@0.188.0/fs/copy.ts": "14214efd94fc3aa6db1e4af2b4b9578e50f7362b7f3725d5a14ad259a5df26c8",
    "https://deno.land/std@0.188.0/fs/empty_dir.ts": "c3d2da4c7352fab1cf144a1ecfef58090769e8af633678e0f3fabaef98594688",
    "https://deno.land/std@0.188.0/fs/ensure_dir.ts": "dc64c4c75c64721d4e3fb681f1382f803ff3d2868f08563ff923fdd20d071c40",
    "https://deno.land/std@0.188.0/fs/ensure_file.ts": "c38602670bfaf259d86ca824a94e6cb9e5eb73757fefa4ebf43a90dd017d53d9",
    "https://deno.land/std@0.188.0/fs/ensure_link.ts": "c0f5b2f0ec094ed52b9128eccb1ee23362a617457aa0f699b145d4883f5b2fb4",
    "https://deno.land/std@0.188.0/fs/ensure_symlink.ts": "5006ab2f458159c56d689b53b1e48d57e05eeb1eaf64e677f7f76a30bc4fdba1",
    "https://deno.land/std@0.188.0/fs/eol.ts": "f1f2eb348a750c34500741987b21d65607f352cf7205f48f4319d417fff42842",
    "https://deno.land/std@0.188.0/fs/exists.ts": "29c26bca8584a22876be7cb8844f1b6c8fc35e9af514576b78f5c6884d7ed02d",
    "https://deno.land/std@0.188.0/fs/expand_glob.ts": "e4f56259a0a70fe23f05215b00de3ac5e6ba46646ab2a06ebbe9b010f81c972a",
    "https://deno.land/std@0.188.0/fs/mod.ts": "bc3d0acd488cc7b42627044caf47d72019846d459279544e1934418955ba4898",
    "https://deno.land/std@0.188.0/fs/move.ts": "b4f8f46730b40c32ea3c0bc8eb0fd0e8139249a698883c7b3756424cf19785c9",
    "https://deno.land/std@0.188.0/fs/walk.ts": "920be35a7376db6c0b5b1caf1486fb962925e38c9825f90367f8f26b5e5d0897",
    "https://deno.land/std@0.188.0/http/_negotiation/common.ts": "14d1a52427ab258a4b7161cd80e1d8a207b7cc64b46e911780f57ead5f4323c6",
    "https://deno.land/std@0.188.0/http/_negotiation/encoding.ts": "ff747d107277c88cb7a6a62a08eeb8d56dad91564cbcccb30694d5dc126dcc53",
    "https://deno.land/std@0.188.0/http/_negotiation/language.ts": "7bcddd8db3330bdb7ce4fc00a213c5547c1968139864201efd67ef2d0d51887d",
    "https://deno.land/std@0.188.0/http/_negotiation/media_type.ts": "58847517cd549384ad677c0fe89e0a4815be36fe7a303ea63cee5f6a1d7e1692",
    "https://deno.land/std@0.188.0/http/cookie.ts": "934f92d871d50852dbd7a836d721df5a9527b14381db16001b40991d30174ee4",
    "https://deno.land/std@0.188.0/http/cookie_map.ts": "d148a5eaf35f19905dd5104126fa47ac71105306dd42f129732365e43108b28a",
    "https://deno.land/std@0.188.0/http/etag.ts": "6ad8abbbb1045aabf2307959a2c5565054a8bf01c9824ddee836b1ff22706a58",
    "https://deno.land/std@0.188.0/http/http_errors.ts": "b9a18ef97d6c5966964de95e04d1f9f88a0f8bd8577c26fd402d9d632fb03a42",
    "https://deno.land/std@0.188.0/http/http_status.ts": "8a7bcfe3ac025199ad804075385e57f63d055b2aed539d943ccc277616d6f932",
    "https://deno.land/std@0.188.0/http/method.ts": "e66c2a015cb46c21ab0bb3589aa4fca43143a506cb324ffdfd42d2edef7bc0c4",
    "https://deno.land/std@0.188.0/http/mod.ts": "ca1f014826ff666731325022859d21afece14d6b5be00cd098f30e555671bfae",
    "https://deno.land/std@0.188.0/http/negotiation.ts": "46e74a6bad4b857333a58dc5b50fe8e5a4d5267e97292293ea65f980bd918086",
    "https://deno.land/std@0.188.0/http/server.ts": "1b23463b5b36e4eebc495417f6af47a6f7d52e3294827a1226d2a1aab23d9d20",
    "https://deno.land/std@0.188.0/http/server_sent_event.ts": "f752c9e4f0eba247a3fead8bfe0883f44e04d31c2dcc88776ba5230b7165a460",
    "https://deno.land/std@0.188.0/io/buf_reader.ts": "06fff3337091c49e99ebd2dd790c9a90364c087a2953ea081667400fd6c6cebb",
    "https://deno.land/std@0.188.0/io/buf_writer.ts": "48c33c8f00b61dcbc7958706741cec8e59810bd307bc6a326cbd474fe8346dfd",
    "https://deno.land/std@0.188.0/io/buffer.ts": "17f4410eaaa60a8a85733e8891349a619eadfbbe42e2f319283ce2b8f29723ab",
    "https://deno.land/std@0.188.0/io/copy_n.ts": "0cc7ce07c75130f6fc18621ec1911c36e147eb9570664fee0ea12b1988167590",
    "https://deno.land/std@0.188.0/io/limited_reader.ts": "6c9a216f8eef39c1ee2a6b37a29372c8fc63455b2eeb91f06d9646f8f759fc8b",
    "https://deno.land/std@0.188.0/io/mod.ts": "2665bcccc1fd6e8627cca167c3e92aaecbd9897556b6f69e6d258070ef63fd9b",
    "https://deno.land/std@0.188.0/io/multi_reader.ts": "9c2a0a31686c44b277e16da1d97b4686a986edcee48409b84be25eedbc39b271",
    "https://deno.land/std@0.188.0/io/read_delim.ts": "c02b93cc546ae8caad8682ae270863e7ace6daec24c1eddd6faabc95a9d876a3",
    "https://deno.land/std@0.188.0/io/read_int.ts": "7cb8bcdfaf1107586c3bacc583d11c64c060196cb070bb13ae8c2061404f911f",
    "https://deno.land/std@0.188.0/io/read_lines.ts": "c526c12a20a9386dc910d500f9cdea43cba974e853397790bd146817a7eef8cc",
    "https://deno.land/std@0.188.0/io/read_long.ts": "f0aaa420e3da1261c5d33c5e729f09922f3d9fa49f046258d4ff7a00d800c71e",
    "https://deno.land/std@0.188.0/io/read_range.ts": "28152daf32e43dd9f7d41d8466852b0d18ad766cd5c4334c91fef6e1b3a74eb5",
    "https://deno.land/std@0.188.0/io/read_short.ts": "805cb329574b850b84bf14a92c052c59b5977a492cd780c41df8ad40826c1a20",
    "https://deno.land/std@0.188.0/io/read_string_delim.ts": "5dc9f53bdf78e7d4ee1e56b9b60352238ab236a71c3e3b2a713c3d78472a53ce",
    "https://deno.land/std@0.188.0/io/slice_long_to_bytes.ts": "48d9bace92684e880e46aa4a2520fc3867f9d7ce212055f76ecc11b22f9644b7",
    "https://deno.land/std@0.188.0/io/string_reader.ts": "da0f68251b3d5b5112485dfd4d1b1936135c9b4d921182a7edaf47f74c25cc8f",
    "https://deno.land/std@0.188.0/io/string_writer.ts": "8a03c5858c24965a54c6538bed15f32a7c72f5704a12bda56f83a40e28e5433e",
    "https://deno.land/std@0.188.0/path/_constants.ts": "e49961f6f4f48039c0dfed3c3f93e963ca3d92791c9d478ac5b43183413136e0",
    "https://deno.land/std@0.188.0/path/_interface.ts": "6471159dfbbc357e03882c2266d21ef9afdb1e4aa771b0545e90db58a0ba314b",
    "https://deno.land/std@0.188.0/path/_util.ts": "d7abb1e0dea065f427b89156e28cdeb32b045870acdf865833ba808a73b576d0",
    "https://deno.land/std@0.188.0/path/common.ts": "ee7505ab01fd22de3963b64e46cff31f40de34f9f8de1fff6a1bd2fe79380000",
    "https://deno.land/std@0.188.0/path/glob.ts": "d479e0a695621c94d3fd7fe7abd4f9499caf32a8de13f25073451c6ef420a4e1",
    "https://deno.land/std@0.188.0/path/mod.ts": "ee161baec5ded6510ee1d1fb6a75a0f5e4b41f3f3301c92c716ecbdf7dae910d",
    "https://deno.land/std@0.188.0/path/posix.ts": "8b7c67ac338714b30c816079303d0285dd24af6b284f7ad63da5b27372a2c94d",
    "https://deno.land/std@0.188.0/path/separator.ts": "0fb679739d0d1d7bf45b68dacfb4ec7563597a902edbaf3c59b50d5bcadd93b1",
    "https://deno.land/std@0.188.0/path/win32.ts": "d186344e5583bcbf8b18af416d13d82b35a317116e6460a5a3953508c3de5bba",
    "https://deno.land/std@0.188.0/streams/_common.ts": "f45cba84f0d813de3326466095539602364a9ba521f804cc758f7a475cda692d",
    "https://deno.land/std@0.188.0/streams/buffer.ts": "d5b3d7d0299114e5b2ea895a8bf202a687fd915c5282f8096c7bae23b5a04407",
    "https://deno.land/std@0.188.0/streams/byte_slice_stream.ts": "225d57263a34325d7c96cb3dafeb478eec0e6fd05cd0458d678752eadd132bb4",
    "https://deno.land/std@0.188.0/streams/copy.ts": "75cbc795ff89291df22ddca5252de88b2e16d40c85d02840593386a8a1454f71",
    "https://deno.land/std@0.188.0/streams/delimiter_stream.ts": "f69e849b3d1f59f02424497273f411105a6f76a9f13da92aeeb9a2d554236814",
    "https://deno.land/std@0.188.0/streams/early_zip_readable_streams.ts": "4005fa74162b943f79899e5d7cb96adcbc0a6b867f9144974ed12d30e0a556e1",
    "https://deno.land/std@0.188.0/streams/iterate_reader.ts": "bbec1d45c2df2c0c5920bad0549351446fdc8e0886d99e95959b259dbcdb6072",
    "https://deno.land/std@0.188.0/streams/limited_bytes_transform_stream.ts": "05dc592ffaab83257494d22dd53917e56243c26e5e3129b3f13ddbbbc4785048",
    "https://deno.land/std@0.188.0/streams/limited_transform_stream.ts": "d69ab790232c1b86f53621ad41ef03c235f2abb4b7a1cd51960ad6e12ee55e38",
    "https://deno.land/std@0.188.0/streams/merge_readable_streams.ts": "5d6302888f4bb0616dafb5768771be0aec9bedc05fbae6b3d726d05ffbec5b15",
    "https://deno.land/std@0.188.0/streams/mod.ts": "c07ec010e700b9ea887dc36ca08729828bc7912f711e4054e24d33fd46282252",
    "https://deno.land/std@0.188.0/streams/read_all.ts": "ee319772fb0fd28302f97343cc48dfcf948f154fd0d755d8efe65814b70533be",
    "https://deno.land/std@0.188.0/streams/readable_stream_from_iterable.ts": "cd4bb9e9bf6dbe84c213beb1f5085c326624421671473e410cfaecad15f01865",
    "https://deno.land/std@0.188.0/streams/readable_stream_from_reader.ts": "bfc416c4576a30aac6b9af22c9dc292c20c6742141ee7c55b5e85460beb0c54e",
    "https://deno.land/std@0.188.0/streams/reader_from_iterable.ts": "55f68110dce3f8f2c87b834d95f153bc904257fc65175f9f2abe78455cb8047c",
    "https://deno.land/std@0.188.0/streams/reader_from_stream_reader.ts": "fa4971e5615a010e49492c5d1688ca1a4d17472a41e98b498ab89a64ebd7ac73",
    "https://deno.land/std@0.188.0/streams/text_delimiter_stream.ts": "20e680ab8b751390e359288ce764f9c47d164af11a263870746eeca4bc7d976b",
    "https://deno.land/std@0.188.0/streams/text_line_stream.ts": "0f2c4b33a5fdb2476f2e060974cba1347cefe99a4af33c28a57524b1a34750fa",
    "https://deno.land/std@0.188.0/streams/to_transform_stream.ts": "7f55fc0b14cf3ed0f8d10d8f41d05bdc40726e44a65c37f58705d10a615f0159",
    "https://deno.land/std@0.188.0/streams/writable_stream_from_writer.ts": "56fff5c82fb736fdd669b567cc0b2bbbe0351002cd13254eae26c366e2bed89a",
    "https://deno.land/std@0.188.0/streams/write_all.ts": "aec90152978581ea62d56bb53a5cbf487e6a89c902f87c5969681ffbdf32b998",
    "https://deno.land/std@0.188.0/streams/writer_from_stream_writer.ts": "07c7ee025151a190f37fc42cbb01ff93afc949119ebddc6e0d0df14df1bf6950",
    "https://deno.land/std@0.188.0/streams/zip_readable_streams.ts": "a9d81aa451240f79230add674809dbee038d93aabe286e2d9671e66591fc86ca",
    "https://deno.land/std@0.188.0/testing/_diff.ts": "1a3c044aedf77647d6cac86b798c6417603361b66b54c53331b312caeb447aea",
    "https://deno.land/std@0.188.0/testing/_format.ts": "a69126e8a469009adf4cf2a50af889aca364c349797e63174884a52ff75cf4c7",
    "https://deno.land/std@0.188.0/testing/asserts.ts": "e16d98b4d73ffc4ed498d717307a12500ae4f2cbe668f1a215632d19fcffc22f",
    "https://deno.land/std@0.188.0/testing/mock.ts": "220ed9b8151cb2cac141043d4cfea7c47673fab5d18d1c1f0943297c8afb5d13",
    "https://deno.land/std@0.188.0/testing/snapshot.ts": "df277f1fc45da1b1274f1be339efb23cd5635fe98b8899be8de11b38a9be25cf",
    "https://deno.land/std@0.188.0/types.d.ts": "dbaeb2c4d7c526db9828fc8df89d8aecf53b9ced72e0c4568f97ddd8cda616a4",
    "https://deno.land/std@0.77.0/fmt/colors.ts": "c5665c66f1a67228f21c5989bbb04b36d369b98dd7ceac06f5e26856c81c2531",
    "https://deno.land/x/bytes_formater@v1.4.0/deps.ts": "4f98f74e21145423b873a5ca6ead66dc3e674fa81e230a0a395f9b86aafeceea",
    "https://deno.land/x/bytes_formater@v1.4.0/format.ts": "657c41b9f180c3ed0f934dcf75f77b09b6a610be98bb07525bffe2acfd5af4d5",
    "https://deno.land/x/bytes_formater@v1.4.0/mod.ts": "c6bf35303f53d74e9134eb13f666fb388fb4c62c6b12b17542bbadade250a864",
    "https://deno.land/x/dotenv@v3.2.2/mod.ts": "077b48773de9205266a0b44c3c3a3c3083449ed64bb0b6cc461b95720678d38e",
    "https://deno.land/x/dotenv@v3.2.2/util.ts": "693730877b13f8ead2b79b2aa31e2a0652862f7dc0c5f6d2f313f4d39c7b7670",
    "https://deno.land/x/mysql@v2.11.0/deps.ts": "68635959a41bb08bc87db007679fb8449febc55d48202dff20b93cc23ef5820d",
    "https://deno.land/x/mysql@v2.11.0/mod.ts": "c751574b2b41bb0926f0eb4f29c70aa9a435dc039a370e1fb238dc495fea2dcf",
    "https://deno.land/x/mysql@v2.11.0/src/auth.ts": "129ea08b180d3e90e567c3f71e60432bb266304c224e17ea39d604bbcc1160d8",
    "https://deno.land/x/mysql@v2.11.0/src/auth_plugin/caching_sha2_password.ts": "aab89e272382e6f408406f860ae6e79628275f4511e27a565049033543c4bdec",
    "https://deno.land/x/mysql@v2.11.0/src/auth_plugin/crypt.ts": "8798819cce1171d95cfee8edda15fe6a652068cad4dc91f81b6e91cf90a13617",
    "https://deno.land/x/mysql@v2.11.0/src/auth_plugin/index.ts": "8617e520ad854e38470aeefd07becdb3397c4cde16c2397dd48d5c10fdd5ab09",
    "https://deno.land/x/mysql@v2.11.0/src/buffer.ts": "59f7e08e196f1b7e58cf5c3cf8ae8f4d0d47d1ae31430076fc468d974d3b59e7",
    "https://deno.land/x/mysql@v2.11.0/src/client.ts": "9a486419dfeb5f4d15d9fa56705e3cfbab6134bbbe08783a515e7e38f5cbca65",
    "https://deno.land/x/mysql@v2.11.0/src/connection.ts": "0ca035bbba2865f93900d8817f9d3a080e4c01bca3a45dc8318276a14b1d9459",
    "https://deno.land/x/mysql@v2.11.0/src/constant/capabilities.ts": "bf6b357b793da4d6e3f192a45d2368767902d7cb92affde2b393c3e08ed530f9",
    "https://deno.land/x/mysql@v2.11.0/src/constant/charset.ts": "253d7233679c774df623d1f974ebb358f3678c18fd6a623e25983311d97d959b",
    "https://deno.land/x/mysql@v2.11.0/src/constant/errors.ts": "923bab27d524e43199fa21fdfcbe025580ca76d8b32254ad9505765c502f238a",
    "https://deno.land/x/mysql@v2.11.0/src/constant/mysql_types.ts": "79c50de8eb5919b897e81e2ff2366ee1ffdbb4297f711e15003bdb787bbc8e6c",
    "https://deno.land/x/mysql@v2.11.0/src/constant/packet.ts": "a1e7e00ce30c551c5f95c05d233b8d83f8e1fc865de97be3b317058e173630a9",
    "https://deno.land/x/mysql@v2.11.0/src/deferred.ts": "35d087619d919961e849e382c33b2bfea15b4119f55eca2d9c9047f30512a2cb",
    "https://deno.land/x/mysql@v2.11.0/src/logger.ts": "9fe85e361d3972f3105e33930dd4a069456c625b5b0cd7efc322418964edc470",
    "https://deno.land/x/mysql@v2.11.0/src/packets/builders/auth.ts": "d9752c7e95aae3f3ace81df03c19907ed8a9dfe9c19399796e80a24cb83ab2ed",
    "https://deno.land/x/mysql@v2.11.0/src/packets/builders/query.ts": "caf426a72ebe545ff5bab14c8b7b5e412dd8827c091322959cdf4e9aa89ef900",
    "https://deno.land/x/mysql@v2.11.0/src/packets/packet.ts": "d7800cc142226f7dfd3c5f647f03cd3ef308f9d8551b4edb2e1bfb9c758d33b6",
    "https://deno.land/x/mysql@v2.11.0/src/packets/parsers/authswitch.ts": "aa34f21336c4907b3ae968108fcdad8f1c43a303088efd83d972e6c7b258c166",
    "https://deno.land/x/mysql@v2.11.0/src/packets/parsers/err.ts": "4110c4ddc2ae8358d6661fa2522f8eda2e603900d1e433e3684765ed50e88ed8",
    "https://deno.land/x/mysql@v2.11.0/src/packets/parsers/handshake.ts": "88f7ee34e9e0ef089bc5fdefacaccf256ef002b2f7a8ad684e35327682039e73",
    "https://deno.land/x/mysql@v2.11.0/src/packets/parsers/result.ts": "8ab16f1adae67415eefcc17803b0eb828c1f4c6a24c55f25949f418e862d3ec8",
    "https://deno.land/x/mysql@v2.11.0/src/pool.ts": "978ba2813b3886d68be007678360ad43c54dab14b1aea1c07fcdb41222fcc432",
    "https://deno.land/x/mysql@v2.11.0/src/util.ts": "83d38e87cc3901da00ac44bfcd53c0e8d24525262f5c7647c912dccf3ed2dbb5",
    "https://deno.land/x/opine@2.1.2/src/methods.ts": "0481daecc6068d24e9e5391818baddf555ab803d39a465dcd259161f8bd8ee49",
    "https://deno.land/x/opine@2.1.2/src/utils/mergeDescriptors.ts": "1fe498d4a1a8dcfd3570f9ca5e0647590d86d029b3c340bfcfdb57002851e41b",
    "https://deno.land/x/scrypt@v4.2.1/lib/_wasm/scrypt_wasm.generated.js": "465c78a104fe2a9535af2415c0b2ea175fe3559f345287541e979cf04d14f810",
    "https://deno.land/x/scrypt@v4.2.1/lib/helpers.ts": "c1fc305a68ed74ab4f935f1f8f7a2f9afa69409a74fea3d79aae9ae7a3272dc9",
    "https://deno.land/x/scrypt@v4.2.1/lib/scrypt.ts": "c1ce3018fa31d3e9d56d9a3c117d6f8a2341fea5ad744718ac091322b71b51f8",
    "https://deno.land/x/scrypt@v4.2.1/mod.ts": "197e3a30d247fce9389e0327c98f58daa2a0ec8cb5c26b58ff49f2bb55183176",
    "https://deno.land/x/scrypt_basic_auth@1.0.2/env.ts": "ba74a44d52468bcb59dc01663e61be4fac6d6d8fab1b65714aac2f76dff70c83",
    "https://deno.land/x/scrypt_basic_auth@1.0.2/mod.ts": "57774eecd6a7ed4f2cf61c21814136eb131eed5f18732acc69efb34d257a74d7",
    "https://deno.land/x/scrypt_basic_auth@1.0.2/response.ts": "d45f6e72228dffb4b279df806ef93750285e72787c490dbfabe075f862f22af5",
    "https://deno.land/x/scrypt_basic_auth@1.0.2/verify.ts": "4298e66de37a6a49d54098358d72540409ea022bd58aa83ebd47b8b2cbe522aa",
    "https://deno.land/x/sql_builder@v1.9.1/util.ts": "b9855dc435972704cf82655019f4ec168ac83550ab4db596c5f6b6d201466384",
    "https://deno.land/x/superdeno@4.8.0/deps.ts": "e2cf96d1129c38e1daf87a405878fa51d5771a0ba9b1c250baa75db0a8cb99df",
    "https://deno.land/x/superdeno@4.8.0/mod.ts": "fa91c501867a4302a4bc92d63cbf934fe5475ebb7bf58335338e001147263c87",
    "https://deno.land/x/superdeno@4.8.0/src/close.ts": "8bd4ab602ebbb048d06697d0c48c30be5f78ab9ad673850965e8014d78cca7a8",
    "https://deno.land/x/superdeno@4.8.0/src/superagent.ts": "8f60187f9278b154ef6bccf09a5ff7d45f81103ad0ce02d45518a6bbe63ce764",
    "https://deno.land/x/superdeno@4.8.0/src/superdeno.ts": "2e2cd4898961ac7688f0c2a4b210bf560a338f6601bd231d74bf8a0956880311",
    "https://deno.land/x/superdeno@4.8.0/src/test.ts": "89386c2c207179cd1854baf40f37cd1c4a5d312f4605d8cdc4d495ff3fd14d10",
    "https://deno.land/x/superdeno@4.8.0/src/types.ts": "0fc4a0a1acf4c3acba3e3d956a9e8917ce32cd47dbb8e75ffadec21a43a8e52f",
    "https://deno.land/x/superdeno@4.8.0/src/utils.ts": "458c1699f73e348745b9b4d081e005dbc12d050fd2899ebf4f919515823ba1c0",
    "https://deno.land/x/superdeno@4.8.0/src/xhrSham.js": "91f28215c07af47155c7abe711a097d67d89916a80d666ef6d26fab3e5179af2",
    "https://deno.land/x/superdeno@4.8.0/version.ts": "c84185c6cf0c198d406ae8892cc56a981002cce5d09e9b6293718bf02ad1d2c4",
    "https://jspm.dev/npm:call-bind@1.0.2!cjs": "24c188f9241fbc82c6ac2ae1b63bf3a0574885e3fa739ef09b3a476a3a571634",
    "https://jspm.dev/npm:call-bind@1.0.2/callBound!cjs": "a1586c35033398887376229b84f861c77cb686b034ea8a29d0be41bf46623071",
    "https://jspm.dev/npm:call-bind@1/callBound!cjs": "3ff4779595db6e915ae7d9926ba3338b8777ea7af06560bd254c84840faab169",
    "https://jspm.dev/npm:component-emitter@1!cjs": "26c2994a5fcac1cd9156b00be96c5e2f006dd76338095a96006ac3a47c6c327d",
    "https://jspm.dev/npm:component-emitter@1.3.0!cjs": "757cafefb0bf5639f3f90b2267a7d168e03631e731c2a79fca847b735695e196",
    "https://jspm.dev/npm:fast-safe-stringify@2!cjs": "d8dd0803af23f037ffb44c13e18333131af27ebe582f55fd498b6e3c8f6d5a9d",
    "https://jspm.dev/npm:fast-safe-stringify@2.1.1!cjs": "8a14a2de8a07a719c74aa63ffa5ff635fc55e9ee5d5a79fbc2e087dc4aa1940e",
    "https://jspm.dev/npm:function-bind@1!cjs": "c06b352224fa5e98b331aef38c540a409ed7ef1e6515a38f1a737a8e4f42118a",
    "https://jspm.dev/npm:function-bind@1.1.1!cjs": "4fb6903c972da5bcebe751a5b498ec4599987fc1e7157c15d08f388f2986c0f6",
    "https://jspm.dev/npm:get-intrinsic@1!cjs": "bb4d028dfea8a820b9679f360f92ab875ffc5e17c7a972a95bd191df12f07de1",
    "https://jspm.dev/npm:get-intrinsic@1.2.1!cjs": "6b9b1c6dd25fcf7ca2b9d6b5c3a61114cf4784cf8c87a26a4ea211da5f808fb3",
    "https://jspm.dev/npm:has-proto@1!cjs": "78a2914e5525d531426c5d69fd5aa23671ec359c6c527b9791327f60ad1b6682",
    "https://jspm.dev/npm:has-proto@1.0.1!cjs": "0a9d605f1d310f859265780011d6343a7869cadf3a9e02fd6cc949c2924b528c",
    "https://jspm.dev/npm:has-symbols@1!cjs": "48faf647d225b64fa235ccc3e5a848e72221b0230935e421066a5de39aa89c3a",
    "https://jspm.dev/npm:has-symbols@1.0.3!cjs": "36965f84e4e0ea1abeddb6928d0719a2648e61ceb9825df185b40d05cddb64df",
    "https://jspm.dev/npm:has-symbols@1.0.3/shams!cjs": "669673e1dc7691c0b397580760121d57f3a5c5101dd70be2e8dd7d2a044de2e9",
    "https://jspm.dev/npm:has@1!cjs": "79286edf0358a403240ee04be7814df009af2ed8a0f76e7df54b614da4b0ac95",
    "https://jspm.dev/npm:has@1.0.3!cjs": "ecbdcfeef29b4da5a5b3e7e388c08998e1b52e0cca905bd3a06ec457fe0a568a",
    "https://jspm.dev/npm:object-inspect@1!cjs": "0e46f0d93f114fa586e70f479752d46b2d639b3c89707e232caf7affffb58439",
    "https://jspm.dev/npm:object-inspect@1.12.3!cjs": "a16facbf5ee180ef25b54592f1d1f23328dae7c89bf74c11b2459b93621cf981",
    "https://jspm.dev/npm:qs@6!cjs": "210de1e090ac836c2495c19dfea88fc74b49de1b308241f8c9490d27ab6e0195",
    "https://jspm.dev/npm:qs@6.11.2!cjs": "5da52fff60f7b1a6b1c73cdea2d9fc5d5588fa6c551b2a0ea2a1ebbb2a5e559f",
    "https://jspm.dev/npm:qs@6.11.2/_/e71c21de.js": "cfe49eb949fb7291803f1ed2f4c0a244b8fca3b6936f5082fc97581a0663e427",
    "https://jspm.dev/npm:qs@6.11.2/lib/stringify!cjs": "35d39c5871af151efe9ccca8e4ebecbf0282f97287b5fad56ebac369f69c2581",
    "https://jspm.dev/npm:side-channel@1!cjs": "a07dfe7165af0d7f916d089490c38839397abcd8b218e4566b270858c9a0ea04",
    "https://jspm.dev/npm:side-channel@1.0.4!cjs": "db65b31b6f9e67d57f04e26d71eb5b376306f5a89ab46fae1278c3ffefb19663",
    "https://jspm.dev/npm:superagent@6.1.0!cjs": "fcf1c0b17cb3ff899b59ae178fc4ab74ad3b592d7fa8b44b16394001758e3176",
    "https://jspm.dev/npm:superagent@6.1.0/lib/agent-base!cjs": "cfe465965a55d80114d835143717413945d0bbc46355d0f7f8200a89902ed006",
    "https://jspm.dev/npm:superagent@6.1.0/lib/is-object!cjs": "95f67ff49b42fd5e82114b9d54a4b3fe1ac98813aed7ceaf53d314983f59820a",
    "https://jspm.dev/npm:superagent@6.1.0/lib/request-base!cjs": "e361c341aa75d7417c918bc8fb697d0ccf96101e039dd2f00e5e45c01c534caa",
    "https://jspm.dev/npm:superagent@6.1.0/lib/response-base!cjs": "00ac549f34d73c2753caa798aa7eb781051179013e3418ff0868a1e1904a8913",
    "https://jspm.dev/npm:superagent@6.1.0/lib/utils!cjs": "ea706523553983c96ef4ab2f191c61c53fb8b78ad8ff2472b48f1385e896c030",
    "https://jspm.dev/superagent@6.1.0": "4b3082d71252c42abd3930d85d1f3c4b2e937e0fab2b5f1c9d19eac20dea89a9"
  }
}
